// !$*UTF8*$!
{
	archiveVersion = 1;
	classes = {
	};
	objectVersion = 50;
	objects = {

/* Begin PBXBuildFile section */
		13D36FB22411E4DC00DA0C60 /* main.c in Sources */ = {isa = PBXBuildFile; fileRef = 13D36FB12411E4DC00DA0C60 /* main.c */; };
		13D36FBC2411E4F300DA0C60 /* tokenizer.c in Sources */ = {isa = PBXBuildFile; fileRef = 13D36FB92411E4F300DA0C60 /* tokenizer.c */; };
		13D36FBD2411E4F300DA0C60 /* ubasic.c in Sources */ = {isa = PBXBuildFile; fileRef = 13D36FBA2411E4F300DA0C60 /* ubasic.c */; };
/* End PBXBuildFile section */

/* Begin PBXCopyFilesBuildPhase section */
		13D36FAC2411E4DC00DA0C60 /* CopyFiles */ = {
			isa = PBXCopyFilesBuildPhase;
			buildActionMask = 2147483647;
			dstPath = /usr/share/man/man1/;
			dstSubfolderSpec = 0;
			files = (
			);
			runOnlyForDeploymentPostprocessing = 1;
		};
/* End PBXCopyFilesBuildPhase section */

/* Begin PBXFileReference section */
		13D36FAE2411E4DC00DA0C60 /* uBasic */ = {isa = PBXFileReference; explicitFileType = "compiled.mach-o.executable"; includeInIndex = 0; path = uBasic; sourceTree = BUILT_PRODUCTS_DIR; };
		13D36FB12411E4DC00DA0C60 /* main.c */ = {isa = PBXFileReference; lastKnownFileType = sourcecode.c.c; path = main.c; sourceTree = "<group>"; };
		13D36FB82411E4F300DA0C60 /* ubasic.h */ = {isa = PBXFileReference; fileEncoding = 4; lastKnownFileType = sourcecode.c.h; path = ubasic.h; sourceTree = "<group>"; };
		13D36FB92411E4F300DA0C60 /* tokenizer.c */ = {isa = PBXFileReference; fileEncoding = 4; lastKnownFileType = sourcecode.c.c; path = tokenizer.c; sourceTree = "<group>"; };
		13D36FBA2411E4F300DA0C60 /* ubasic.c */ = {isa = PBXFileReference; fileEncoding = 4; lastKnownFileType = sourcecode.c.c; path = ubasic.c; sourceTree = "<group>"; };
		13D36FBB2411E4F300DA0C60 /* tokenizer.h */ = {isa = PBXFileReference; fileEncoding = 4; lastKnownFileType = sourcecode.c.h; path = tokenizer.h; sourceTree = "<group>"; };
/* End PBXFileReference section */

/* Begin PBXFrameworksBuildPhase section */
		13D36FAB2411E4DC00DA0C60 /* Frameworks */ = {
			isa = PBXFrameworksBuildPhase;
			buildActionMask = 2147483647;
			files = (
			);
			runOnlyForDeploymentPostprocessing = 0;
		};
/* End PBXFrameworksBuildPhase section */

/* Begin PBXGroup section */
		13D36FA52411E4DC00DA0C60 = {
			isa = PBXGroup;
			children = (
				13D36FB02411E4DC00DA0C60 /* uBasic */,
				13D36FAF2411E4DC00DA0C60 /* Products */,
			);
			sourceTree = "<group>";
		};
		13D36FAF2411E4DC00DA0C60 /* Products */ = {
			isa = PBXGroup;
			children = (
				13D36FAE2411E4DC00DA0C60 /* uBasic */,
			);
			name = Products;
			sourceTree = "<group>";
		};
		13D36FB02411E4DC00DA0C60 /* uBasic */ = {
			isa = PBXGroup;
			children = (
				13D36FB92411E4F300DA0C60 /* tokenizer.c */,
				13D36FBB2411E4F300DA0C60 /* tokenizer.h */,
				13D36FBA2411E4F300DA0C60 /* ubasic.c */,
				13D36FB82411E4F300DA0C60 /* ubasic.h */,
				13D36FB12411E4DC00DA0C60 /* main.c */,
			);
			path = uBasic;
			sourceTree = "<group>";
		};
/* End PBXGroup section */

/* Begin PBXNativeTarget section */
		13D36FAD2411E4DC00DA0C60 /* uBasic */ = {
			isa = PBXNativeTarget;
			buildConfigurationList = 13D36FB52411E4DC00DA0C60 /* Build configuration list for PBXNativeTarget "uBasic" */;
			buildPhases = (
				13D36FAA2411E4DC00DA0C60 /* Sources */,
				13D36FAB2411E4DC00DA0C60 /* Frameworks */,
				13D36FAC2411E4DC00DA0C60 /* CopyFiles */,
			);
			buildRules = (
			);
			dependencies = (
			);
			name = uBasic;
			productName = uBasic;
			productReference = 13D36FAE2411E4DC00DA0C60 /* uBasic */;
			productType = "com.apple.product-type.tool";
		};
/* End PBXNativeTarget section */

/* Begin PBXProject section */
		13D36FA62411E4DC00DA0C60 /* Project object */ = {
			isa = PBXProject;
			attributes = {
				LastUpgradeCheck = 1130;
				ORGANIZATIONNAME = Insoft;
				TargetAttributes = {
					13D36FAD2411E4DC00DA0C60 = {
						CreatedOnToolsVersion = 11.3;
					};
				};
			};
			buildConfigurationList = 13D36FA92411E4DC00DA0C60 /* Build configuration list for PBXProject "uBasic" */;
			compatibilityVersion = "Xcode 9.3";
			developmentRegion = en;
			hasScannedForEncodings = 0;
			knownRegions = (
				en,
				Base,
			);
			mainGroup = 13D36FA52411E4DC00DA0C60;
			productRefGroup = 13D36FAF2411E4DC00DA0C60 /* Products */;
			projectDirPath = "";
			projectRoot = "";
			targets = (
				13D36FAD2411E4DC00DA0C60 /* uBasic */,
			);
		};
/* End PBXProject section */

/* Begin PBXSourcesBuildPhase section */
		13D36FAA2411E4DC00DA0C60 /* Sources */ = {
			isa = PBXSourcesBuildPhase;
			buildActionMask = 2147483647;
			files = (
				13D36FB22411E4DC00DA0C60 /* main.c in Sources */,
				13D36FBC2411E4F300DA0C60 /* tokenizer.c in Sources */,
				13D36FBD2411E4F300DA0C60 /* ubasic.c in Sources */,
			);
			runOnlyForDeploymentPostprocessing = 0;
		};
/* End PBXSourcesBuildPhase section */

/* Begin XCBuildConfiguration section */
		13D36FB32411E4DC00DA0C60 /* Debug */ = {
			isa = XCBuildConfiguration;
			buildSettings = {
				ALWAYS_SEARCH_USER_PATHS = NO;
				CLANG_ANALYZER_NONNULL = YES;
				CLANG_ANALYZER_NUMBER_OBJECT_CONVERSION = YES_AGGRESSIVE;
				CLANG_CXX_LANGUAGE_STANDARD = "gnu++14";
				CLANG_CXX_LIBRARY = "libc++";
				CLANG_ENABLE_MODULES = YES;
				CLANG_ENABLE_OBJC_ARC = YES;
				CLANG_ENABLE_OBJC_WEAK = YES;
				CLANG_WARN_BLOCK_CAPTURE_AUTORELEASING = YES;
				CLANG_WARN_BOOL_CONVERSION = YES;
				CLANG_WARN_COMMA = YES;
				CLANG_WARN_CONSTANT_CONVERSION = YES;
				CLANG_WARN_DEPRECATED_OBJC_IMPLEMENTATIONS = YES;
				CLANG_WARN_DIRECT_OBJC_ISA_USAGE = YES_ERROR;
				CLANG_WARN_DOCUMENTATION_COMMENTS = YES;
				CLANG_WARN_EMPTY_BODY = YES;
				CLANG_WARN_ENUM_CONVERSION = YES;
				CLANG_WARN_INFINITE_RECURSION = YES;
				CLANG_WARN_INT_CONVERSION = YES;
				CLANG_WARN_NON_LITERAL_NULL_CONVERSION = YES;
				CLANG_WARN_OBJC_IMPLICIT_RETAIN_SELF = YES;
				CLANG_WARN_OBJC_LITERAL_CONVERSION = YES;
				CLANG_WARN_OBJC_ROOT_CLASS = YES_ERROR;
				CLANG_WARN_RANGE_LOOP_ANALYSIS = YES;
				CLANG_WARN_STRICT_PROTOTYPES = YES;
				CLANG_WARN_SUSPICIOUS_MOVE = YES;
				CLANG_WARN_UNGUARDED_AVAILABILITY = YES_AGGRESSIVE;
				CLANG_WARN_UNREACHABLE_CODE = YES;
				CLANG_WARN__DUPLICATE_METHOD_MATCH = YES;
				COPY_PHASE_STRIP = NO;
				DEBUG_INFORMATION_FORMAT = dwarf;
				ENABLE_STRICT_OBJC_MSGSEND = YES;
				ENABLE_TESTABILITY = YES;
				GCC_C_LANGUAGE_STANDARD = gnu11;
				GCC_DYNAMIC_NO_PIC = NO;
				GCC_NO_COMMON_BLOCKS = YES;
				GCC_OPTIMIZATION_LEVEL = 0;
				GCC_PREPROCESSOR_DEFINITIONS = (
					"DEBUG=1",
					"$(inherited)",
				);
				GCC_WARN_64_TO_32_BIT_CONVERSION = YES;
				GCC_WARN_ABOUT_RETURN_TYPE = YES_ERROR;
				GCC_WARN_UNDECLARED_SELECTOR = YES;
				GCC_WARN_UNINITIALIZED_AUTOS = YES_AGGRESSIVE;
				GCC_WARN_UNUSED_FUNCTION = YES;
				GCC_WARN_UNUSED_VARIABLE = YES;
				MACOSX_DEPLOYMENT_TARGET = 10.15;
				MTL_ENABLE_DEBUG_INFO = INCLUDE_SOURCE;
				MTL_FAST_MATH = YES;
				ONLY_ACTIVE_ARCH = YES;
				SDKROOT = macosx;
			};
			name = Debug;
		};
		13D36FB42411E4DC00DA0C60 /* Release */ = {
			isa = XCBuildConfiguration;
			buildSettings = {
				ALWAYS_SEARCH_USER_PATHS = NO;
				CLANG_ANALYZER_NONNULL = YES;
				CLANG_ANALYZER_NUMBER_OBJECT_CONVERSION = YES_AGGRESSIVE;
				CLANG_CXX_LANGUAGE_STANDARD = "gnu++14";
				CLANG_CXX_LIBRARY = "libc++";
				CLANG_ENABLE_MODULES = YES;
				CLANG_ENABLE_OBJC_ARC = YES;
				CLANG_ENABLE_OBJC_WEAK = YES;
				CLANG_WARN_BLOCK_CAPTURE_AUTORELEASING = YES;
				CLANG_WARN_BOOL_CONVERSION = YES;
				CLANG_WARN_COMMA = YES;
				CLANG_WARN_CONSTANT_CONVERSION = YES;
				CLANG_WARN_DEPRECATED_OBJC_IMPLEMENTATIONS = YES;
				CLANG_WARN_DIRECT_OBJC_ISA_USAGE = YES_ERROR;
				CLANG_WARN_DOCUMENTATION_COMMENTS = YES;
				CLANG_WARN_EMPTY_BODY = YES;
				CLANG_WARN_ENUM_CONVERSION = YES;
				CLANG_WARN_INFINITE_RECURSION = YES;
				CLANG_WARN_INT_CONVERSION = YES;
				CLANG_WARN_NON_LITERAL_NULL_CONVERSION = YES;
				CLANG_WARN_OBJC_IMPLICIT_RETAIN_SELF = YES;
				CLANG_WARN_OBJC_LITERAL_CONVERSION = YES;
				CLANG_WARN_OBJC_ROOT_CLASS = YES_ERROR;
				CLANG_WARN_RANGE_LOOP_ANALYSIS = YES;
				CLANG_WARN_STRICT_PROTOTYPES = YES;
				CLANG_WARN_SUSPICIOUS_MOVE = YES;
				CLANG_WARN_UNGUARDED_AVAILABILITY = YES_AGGRESSIVE;
				CLANG_WARN_UNREACHABLE_CODE = YES;
				CLANG_WARN__DUPLICATE_METHOD_MATCH = YES;
				COPY_PHASE_STRIP = NO;
				DEBUG_INFORMATION_FORMAT = "dwarf-with-dsym";
				ENABLE_NS_ASSERTIONS = NO;
				ENABLE_STRICT_OBJC_MSGSEND = YES;
				GCC_C_LANGUAGE_STANDARD = gnu11;
				GCC_NO_COMMON_BLOCKS = YES;
				GCC_WARN_64_TO_32_BIT_CONVERSION = YES;
				GCC_WARN_ABOUT_RETURN_TYPE = YES_ERROR;
				GCC_WARN_UNDECLARED_SELECTOR = YES;
				GCC_WARN_UNINITIALIZED_AUTOS = YES_AGGRESSIVE;
				GCC_WARN_UNUSED_FUNCTION = YES;
				GCC_WARN_UNUSED_VARIABLE = YES;
				MACOSX_DEPLOYMENT_TARGET = 10.15;
				MTL_ENABLE_DEBUG_INFO = NO;
				MTL_FAST_MATH = YES;
				SDKROOT = macosx;
			};
			name = Release;
		};
		13D36FB62411E4DC00DA0C60 /* Debug */ = {
			isa = XCBuildConfiguration;
			buildSettings = {
				CODE_SIGN_STYLE = Automatic;
				DEVELOPMENT_TEAM = 8XN79M4JCJ;
				ENABLE_HARDENED_RUNTIME = YES;
				PRODUCT_NAME = "$(TARGET_NAME)";
			};
			name = Debug;
		};
		13D36FB72411E4DC00DA0C60 /* Release */ = {
			isa = XCBuildConfiguration;
			buildSettings = {
				CODE_SIGN_STYLE = Automatic;
				DEVELOPMENT_TEAM = 8XN79M4JCJ;
				ENABLE_HARDENED_RUNTIME = YES;
				PRODUCT_NAME = "$(TARGET_NAME)";
			};
			name = Release;
		};
/* End XCBuildConfiguration section */

/* Begin XCConfigurationList section */
		13D36FA92411E4DC00DA0C60 /* Build configuration list for PBXProject "uBasic" */ = {
			isa = XCConfigurationList;
			buildConfigurations = (
				13D36FB32411E4DC00DA0C60 /* Debug */,
				13D36FB42411E4DC00DA0C60 /* Release */,
			);
			defaultConfigurationIsVisible = 0;
			defaultConfigurationName = Release;
		};
		13D36FB52411E4DC00DA0C60 /* Build configuration list for PBXNativeTarget "uBasic" */ = {
			isa = XCConfigurationList;
			buildConfigurations = (
				13D36FB62411E4DC00DA0C60 /* Debug */,
				13D36FB72411E4DC00DA0C60 /* Release */,
			);
			defaultConfigurationIsVisible = 0;
			defaultConfigurationName = Release;
		};
/* End XCConfigurationList section */
	};
	rootObject = 13D36FA62411E4DC00DA0C60 /* Project object */;
}
