// !$*UTF8*$!
{
	archiveVersion = 1;
	classes = {
	};
	objectVersion = 56;
	objects = {

/* Begin PBXBuildFile section */
		1352ED612B45E2FE003130E4 /* main.cpp in Sources */ = {isa = PBXBuildFile; fileRef = 1352ED602B45E2FE003130E4 /* main.cpp */; };
		1352EDC32B45E367003130E4 /* libSDL2-2.0.0.dylib in Frameworks */ = {isa = PBXBuildFile; fileRef = 1352EDBE2B45E367003130E4 /* libSDL2-2.0.0.dylib */; };
		1352EDD42B45F339003130E4 /* graphics.cpp in Sources */ = {isa = PBXBuildFile; fileRef = 1352EDD12B45F338003130E4 /* graphics.cpp */; };
		1352EDD72B462A7A003130E4 /* CG50fx.cpp in Sources */ = {isa = PBXBuildFile; fileRef = 1352EDD22B45F338003130E4 /* CG50fx.cpp */; };
		13C639BC2BAE02B500A7C10D /* screen.cpp in Sources */ = {isa = PBXBuildFile; fileRef = 13C639BA2BAE02B500A7C10D /* screen.cpp */; };
		13C639BE2BAE0AF700A7C10D /* fonts.cpp in Sources */ = {isa = PBXBuildFile; fileRef = 13C639BD2BAE0AF700A7C10D /* fonts.cpp */; };
		13C639C12BAE592300A7C10D /* charset.cpp in Sources */ = {isa = PBXBuildFile; fileRef = 13C639BF2BAE592300A7C10D /* charset.cpp */; };
/* End PBXBuildFile section */

/* Begin PBXCopyFilesBuildPhase section */
		1352ED5B2B45E2FE003130E4 /* CopyFiles */ = {
			isa = PBXCopyFilesBuildPhase;
			buildActionMask = 2147483647;
			dstPath = /usr/share/man/man1/;
			dstSubfolderSpec = 0;
			files = (
			);
			runOnlyForDeploymentPostprocessing = 1;
		};
/* End PBXCopyFilesBuildPhase section */

/* Begin PBXFileReference section */
		1352ED5D2B45E2FE003130E4 /* SDL */ = {isa = PBXFileReference; explicitFileType = "compiled.mach-o.executable"; includeInIndex = 0; path = SDL; sourceTree = BUILT_PRODUCTS_DIR; };
		1352ED602B45E2FE003130E4 /* main.cpp */ = {isa = PBXFileReference; lastKnownFileType = sourcecode.cpp.cpp; path = main.cpp; sourceTree = "<group>"; };
		1352ED692B45E356003130E4 /* SDL_misc.h */ = {isa = PBXFileReference; lastKnownFileType = sourcecode.c.h; path = SDL_misc.h; sourceTree = "<group>"; };
		1352ED6A2B45E356003130E4 /* SDL_opengles2_gl2ext.h */ = {isa = PBXFileReference; lastKnownFileType = sourcecode.c.h; path = SDL_opengles2_gl2ext.h; sourceTree = "<group>"; };
		1352ED6B2B45E356003130E4 /* SDL_test_random.h */ = {isa = PBXFileReference; lastKnownFileType = sourcecode.c.h; path = SDL_test_random.h; sourceTree = "<group>"; };
		1352ED6C2B45E356003130E4 /* SDL_power.h */ = {isa = PBXFileReference; lastKnownFileType = sourcecode.c.h; path = SDL_power.h; sourceTree = "<group>"; };
		1352ED6D2B45E356003130E4 /* SDL_revision.h */ = {isa = PBXFileReference; lastKnownFileType = sourcecode.c.h; path = SDL_revision.h; sourceTree = "<group>"; };
		1352ED6E2B45E356003130E4 /* SDL_events.h */ = {isa = PBXFileReference; lastKnownFileType = sourcecode.c.h; path = SDL_events.h; sourceTree = "<group>"; };
		1352ED6F2B45E356003130E4 /* SDL_guid.h */ = {isa = PBXFileReference; lastKnownFileType = sourcecode.c.h; path = SDL_guid.h; sourceTree = "<group>"; };
		1352ED702B45E356003130E4 /* SDL_clipboard.h */ = {isa = PBXFileReference; lastKnownFileType = sourcecode.c.h; path = SDL_clipboard.h; sourceTree = "<group>"; };
		1352ED712B45E356003130E4 /* SDL_haptic.h */ = {isa = PBXFileReference; lastKnownFileType = sourcecode.c.h; path = SDL_haptic.h; sourceTree = "<group>"; };
		1352ED722B45E356003130E4 /* SDL_test.h */ = {isa = PBXFileReference; lastKnownFileType = sourcecode.c.h; path = SDL_test.h; sourceTree = "<group>"; };
		1352ED732B45E356003130E4 /* SDL_test_assert.h */ = {isa = PBXFileReference; lastKnownFileType = sourcecode.c.h; path = SDL_test_assert.h; sourceTree = "<group>"; };
		1352ED742B45E356003130E4 /* SDL_endian.h */ = {isa = PBXFileReference; lastKnownFileType = sourcecode.c.h; path = SDL_endian.h; sourceTree = "<group>"; };
		1352ED752B45E356003130E4 /* SDL_error.h */ = {isa = PBXFileReference; lastKnownFileType = sourcecode.c.h; path = SDL_error.h; sourceTree = "<group>"; };
		1352ED762B45E356003130E4 /* begin_code.h */ = {isa = PBXFileReference; lastKnownFileType = sourcecode.c.h; path = begin_code.h; sourceTree = "<group>"; };
		1352ED772B45E356003130E4 /* SDL_types.h */ = {isa = PBXFileReference; lastKnownFileType = sourcecode.c.h; path = SDL_types.h; sourceTree = "<group>"; };
		1352ED782B45E356003130E4 /* SDL_keycode.h */ = {isa = PBXFileReference; lastKnownFileType = sourcecode.c.h; path = SDL_keycode.h; sourceTree = "<group>"; };
		1352ED792B45E356003130E4 /* SDL_keyboard.h */ = {isa = PBXFileReference; lastKnownFileType = sourcecode.c.h; path = SDL_keyboard.h; sourceTree = "<group>"; };
		1352ED7A2B45E356003130E4 /* SDL_opengl_glext.h */ = {isa = PBXFileReference; lastKnownFileType = sourcecode.c.h; path = SDL_opengl_glext.h; sourceTree = "<group>"; };
		1352ED7B2B45E356003130E4 /* SDL_test_crc32.h */ = {isa = PBXFileReference; lastKnownFileType = sourcecode.c.h; path = SDL_test_crc32.h; sourceTree = "<group>"; };
		1352ED7C2B45E356003130E4 /* SDL_test_font.h */ = {isa = PBXFileReference; lastKnownFileType = sourcecode.c.h; path = SDL_test_font.h; sourceTree = "<group>"; };
		1352ED7D2B45E356003130E4 /* SDL_test_log.h */ = {isa = PBXFileReference; lastKnownFileType = sourcecode.c.h; path = SDL_test_log.h; sourceTree = "<group>"; };
		1352ED7E2B45E356003130E4 /* SDL_egl.h */ = {isa = PBXFileReference; lastKnownFileType = sourcecode.c.h; path = SDL_egl.h; sourceTree = "<group>"; };
		1352ED7F2B45E356003130E4 /* SDL_vulkan.h */ = {isa = PBXFileReference; lastKnownFileType = sourcecode.c.h; path = SDL_vulkan.h; sourceTree = "<group>"; };
		1352ED802B45E356003130E4 /* SDL_test_memory.h */ = {isa = PBXFileReference; lastKnownFileType = sourcecode.c.h; path = SDL_test_memory.h; sourceTree = "<group>"; };
		1352ED812B45E356003130E4 /* SDL_main.h */ = {isa = PBXFileReference; lastKnownFileType = sourcecode.c.h; path = SDL_main.h; sourceTree = "<group>"; };
		1352ED822B45E356003130E4 /* SDL_stdinc.h */ = {isa = PBXFileReference; lastKnownFileType = sourcecode.c.h; path = SDL_stdinc.h; sourceTree = "<group>"; };
		1352ED832B45E356003130E4 /* SDL_scancode.h */ = {isa = PBXFileReference; lastKnownFileType = sourcecode.c.h; path = SDL_scancode.h; sourceTree = "<group>"; };
		1352ED842B45E356003130E4 /* SDL_quit.h */ = {isa = PBXFileReference; lastKnownFileType = sourcecode.c.h; path = SDL_quit.h; sourceTree = "<group>"; };
		1352ED852B45E356003130E4 /* SDL_touch.h */ = {isa = PBXFileReference; lastKnownFileType = sourcecode.c.h; path = SDL_touch.h; sourceTree = "<group>"; };
		1352ED862B45E356003130E4 /* SDL_opengles2.h */ = {isa = PBXFileReference; lastKnownFileType = sourcecode.c.h; path = SDL_opengles2.h; sourceTree = "<group>"; };
		1352ED872B45E356003130E4 /* SDL_test_images.h */ = {isa = PBXFileReference; lastKnownFileType = sourcecode.c.h; path = SDL_test_images.h; sourceTree = "<group>"; };
		1352ED882B45E356003130E4 /* SDL_name.h */ = {isa = PBXFileReference; lastKnownFileType = sourcecode.c.h; path = SDL_name.h; sourceTree = "<group>"; };
		1352ED892B45E356003130E4 /* SDL_platform.h */ = {isa = PBXFileReference; lastKnownFileType = sourcecode.c.h; path = SDL_platform.h; sourceTree = "<group>"; };
		1352ED8A2B45E356003130E4 /* SDL_shape.h */ = {isa = PBXFileReference; lastKnownFileType = sourcecode.c.h; path = SDL_shape.h; sourceTree = "<group>"; };
		1352ED8B2B45E356003130E4 /* SDL_locale.h */ = {isa = PBXFileReference; lastKnownFileType = sourcecode.c.h; path = SDL_locale.h; sourceTree = "<group>"; };
		1352ED8C2B45E356003130E4 /* SDL_loadso.h */ = {isa = PBXFileReference; lastKnownFileType = sourcecode.c.h; path = SDL_loadso.h; sourceTree = "<group>"; };
		1352ED8D2B45E356003130E4 /* SDL_test_common.h */ = {isa = PBXFileReference; lastKnownFileType = sourcecode.c.h; path = SDL_test_common.h; sourceTree = "<group>"; };
		1352ED8E2B45E356003130E4 /* SDL_config.h */ = {isa = PBXFileReference; lastKnownFileType = sourcecode.c.h; path = SDL_config.h; sourceTree = "<group>"; };
		1352ED8F2B45E356003130E4 /* SDL_audio.h */ = {isa = PBXFileReference; lastKnownFileType = sourcecode.c.h; path = SDL_audio.h; sourceTree = "<group>"; };
		1352ED902B45E356003130E4 /* SDL_sensor.h */ = {isa = PBXFileReference; lastKnownFileType = sourcecode.c.h; path = SDL_sensor.h; sourceTree = "<group>"; };
		1352ED912B45E356003130E4 /* SDL_opengl.h */ = {isa = PBXFileReference; lastKnownFileType = sourcecode.c.h; path = SDL_opengl.h; sourceTree = "<group>"; };
		1352ED922B45E356003130E4 /* SDL_blendmode.h */ = {isa = PBXFileReference; lastKnownFileType = sourcecode.c.h; path = SDL_blendmode.h; sourceTree = "<group>"; };
		1352ED932B45E356003130E4 /* SDL_gesture.h */ = {isa = PBXFileReference; lastKnownFileType = sourcecode.c.h; path = SDL_gesture.h; sourceTree = "<group>"; };
		1352ED942B45E356003130E4 /* SDL_test_fuzzer.h */ = {isa = PBXFileReference; lastKnownFileType = sourcecode.c.h; path = SDL_test_fuzzer.h; sourceTree = "<group>"; };
		1352ED952B45E356003130E4 /* SDL_opengles.h */ = {isa = PBXFileReference; lastKnownFileType = sourcecode.c.h; path = SDL_opengles.h; sourceTree = "<group>"; };
		1352ED962B45E356003130E4 /* SDL_system.h */ = {isa = PBXFileReference; lastKnownFileType = sourcecode.c.h; path = SDL_system.h; sourceTree = "<group>"; };
		1352ED972B45E356003130E4 /* SDL_hints.h */ = {isa = PBXFileReference; lastKnownFileType = sourcecode.c.h; path = SDL_hints.h; sourceTree = "<group>"; };
		1352ED982B45E356003130E4 /* SDL_mouse.h */ = {isa = PBXFileReference; lastKnownFileType = sourcecode.c.h; path = SDL_mouse.h; sourceTree = "<group>"; };
		1352ED992B45E356003130E4 /* SDL_timer.h */ = {isa = PBXFileReference; lastKnownFileType = sourcecode.c.h; path = SDL_timer.h; sourceTree = "<group>"; };
		1352ED9A2B45E356003130E4 /* SDL_surface.h */ = {isa = PBXFileReference; lastKnownFileType = sourcecode.c.h; path = SDL_surface.h; sourceTree = "<group>"; };
		1352ED9B2B45E356003130E4 /* SDL_atomic.h */ = {isa = PBXFileReference; lastKnownFileType = sourcecode.c.h; path = SDL_atomic.h; sourceTree = "<group>"; };
		1352ED9C2B45E356003130E4 /* SDL_log.h */ = {isa = PBXFileReference; lastKnownFileType = sourcecode.c.h; path = SDL_log.h; sourceTree = "<group>"; };
		1352ED9D2B45E356003130E4 /* SDL_rwops.h */ = {isa = PBXFileReference; lastKnownFileType = sourcecode.c.h; path = SDL_rwops.h; sourceTree = "<group>"; };
		1352ED9E2B45E356003130E4 /* SDL_render.h */ = {isa = PBXFileReference; lastKnownFileType = sourcecode.c.h; path = SDL_render.h; sourceTree = "<group>"; };
		1352ED9F2B45E356003130E4 /* SDL_syswm.h */ = {isa = PBXFileReference; lastKnownFileType = sourcecode.c.h; path = SDL_syswm.h; sourceTree = "<group>"; };
		1352EDA02B45E356003130E4 /* SDL_bits.h */ = {isa = PBXFileReference; lastKnownFileType = sourcecode.c.h; path = SDL_bits.h; sourceTree = "<group>"; };
		1352EDA12B45E356003130E4 /* SDL_video.h */ = {isa = PBXFileReference; lastKnownFileType = sourcecode.c.h; path = SDL_video.h; sourceTree = "<group>"; };
		1352EDA22B45E356003130E4 /* SDL_assert.h */ = {isa = PBXFileReference; lastKnownFileType = sourcecode.c.h; path = SDL_assert.h; sourceTree = "<group>"; };
		1352EDA32B45E356003130E4 /* SDL_version.h */ = {isa = PBXFileReference; lastKnownFileType = sourcecode.c.h; path = SDL_version.h; sourceTree = "<group>"; };
		1352EDA42B45E356003130E4 /* SDL_gamecontroller.h */ = {isa = PBXFileReference; lastKnownFileType = sourcecode.c.h; path = SDL_gamecontroller.h; sourceTree = "<group>"; };
		1352EDA52B45E356003130E4 /* SDL_hidapi.h */ = {isa = PBXFileReference; lastKnownFileType = sourcecode.c.h; path = SDL_hidapi.h; sourceTree = "<group>"; };
		1352EDA62B45E356003130E4 /* SDL_thread.h */ = {isa = PBXFileReference; lastKnownFileType = sourcecode.c.h; path = SDL_thread.h; sourceTree = "<group>"; };
		1352EDA72B45E356003130E4 /* SDL_test_harness.h */ = {isa = PBXFileReference; lastKnownFileType = sourcecode.c.h; path = SDL_test_harness.h; sourceTree = "<group>"; };
		1352EDA82B45E356003130E4 /* SDL_rect.h */ = {isa = PBXFileReference; lastKnownFileType = sourcecode.c.h; path = SDL_rect.h; sourceTree = "<group>"; };
		1352EDA92B45E356003130E4 /* SDL_metal.h */ = {isa = PBXFileReference; lastKnownFileType = sourcecode.c.h; path = SDL_metal.h; sourceTree = "<group>"; };
		1352EDAA2B45E356003130E4 /* SDL_mutex.h */ = {isa = PBXFileReference; lastKnownFileType = sourcecode.c.h; path = SDL_mutex.h; sourceTree = "<group>"; };
		1352EDAB2B45E356003130E4 /* close_code.h */ = {isa = PBXFileReference; lastKnownFileType = sourcecode.c.h; path = close_code.h; sourceTree = "<group>"; };
		1352EDAC2B45E356003130E4 /* SDL_joystick.h */ = {isa = PBXFileReference; lastKnownFileType = sourcecode.c.h; path = SDL_joystick.h; sourceTree = "<group>"; };
		1352EDAD2B45E356003130E4 /* SDL.h */ = {isa = PBXFileReference; lastKnownFileType = sourcecode.c.h; path = SDL.h; sourceTree = "<group>"; };
		1352EDAE2B45E356003130E4 /* SDL_filesystem.h */ = {isa = PBXFileReference; lastKnownFileType = sourcecode.c.h; path = SDL_filesystem.h; sourceTree = "<group>"; };
		1352EDAF2B45E356003130E4 /* SDL_messagebox.h */ = {isa = PBXFileReference; lastKnownFileType = sourcecode.c.h; path = SDL_messagebox.h; sourceTree = "<group>"; };
		1352EDB02B45E356003130E4 /* SDL_opengles2_gl2platform.h */ = {isa = PBXFileReference; lastKnownFileType = sourcecode.c.h; path = SDL_opengles2_gl2platform.h; sourceTree = "<group>"; };
		1352EDB12B45E356003130E4 /* SDL_opengles2_khrplatform.h */ = {isa = PBXFileReference; lastKnownFileType = sourcecode.c.h; path = SDL_opengles2_khrplatform.h; sourceTree = "<group>"; };
		1352EDB22B45E356003130E4 /* SDL_test_md5.h */ = {isa = PBXFileReference; lastKnownFileType = sourcecode.c.h; path = SDL_test_md5.h; sourceTree = "<group>"; };
		1352EDB32B45E356003130E4 /* SDL_pixels.h */ = {isa = PBXFileReference; lastKnownFileType = sourcecode.c.h; path = SDL_pixels.h; sourceTree = "<group>"; };
		1352EDB42B45E356003130E4 /* SDL_cpuinfo.h */ = {isa = PBXFileReference; lastKnownFileType = sourcecode.c.h; path = SDL_cpuinfo.h; sourceTree = "<group>"; };
		1352EDB52B45E356003130E4 /* SDL_test_compare.h */ = {isa = PBXFileReference; lastKnownFileType = sourcecode.c.h; path = SDL_test_compare.h; sourceTree = "<group>"; };
		1352EDB62B45E356003130E4 /* SDL_opengles2_gl2.h */ = {isa = PBXFileReference; lastKnownFileType = sourcecode.c.h; path = SDL_opengles2_gl2.h; sourceTree = "<group>"; };
		1352EDB92B45E367003130E4 /* sdl2.pc */ = {isa = PBXFileReference; fileEncoding = 4; lastKnownFileType = text; path = sdl2.pc; sourceTree = "<group>"; };
		1352EDBC2B45E367003130E4 /* sdl2-config-version.cmake */ = {isa = PBXFileReference; fileEncoding = 4; lastKnownFileType = text; path = "sdl2-config-version.cmake"; sourceTree = "<group>"; };
		1352EDBD2B45E367003130E4 /* sdl2-config.cmake */ = {isa = PBXFileReference; fileEncoding = 4; lastKnownFileType = text; path = "sdl2-config.cmake"; sourceTree = "<group>"; };
		1352EDBE2B45E367003130E4 /* libSDL2-2.0.0.dylib */ = {isa = PBXFileReference; lastKnownFileType = "compiled.mach-o.dylib"; path = "libSDL2-2.0.0.dylib"; sourceTree = "<group>"; };
		1352EDBF2B45E367003130E4 /* libSDL2main.a */ = {isa = PBXFileReference; lastKnownFileType = archive.ar; path = libSDL2main.a; sourceTree = "<group>"; };
		1352EDC02B45E367003130E4 /* libSDL2.dylib */ = {isa = PBXFileReference; lastKnownFileType = "compiled.mach-o.dylib"; path = libSDL2.dylib; sourceTree = "<group>"; };
		1352EDC12B45E367003130E4 /* libSDL2.a */ = {isa = PBXFileReference; lastKnownFileType = archive.ar; path = libSDL2.a; sourceTree = "<group>"; };
		1352EDC22B45E367003130E4 /* libSDL2_test.a */ = {isa = PBXFileReference; lastKnownFileType = archive.ar; path = libSDL2_test.a; sourceTree = "<group>"; };
		1352EDD12B45F338003130E4 /* graphics.cpp */ = {isa = PBXFileReference; fileEncoding = 4; lastKnownFileType = sourcecode.cpp.cpp; path = graphics.cpp; sourceTree = "<group>"; };
		1352EDD22B45F338003130E4 /* CG50fx.cpp */ = {isa = PBXFileReference; explicitFileType = sourcecode.cpp.cpp; fileEncoding = 4; path = CG50fx.cpp; sourceTree = "<group>"; };
		1352EDD32B45F339003130E4 /* graphics.hpp */ = {isa = PBXFileReference; fileEncoding = 4; lastKnownFileType = sourcecode.cpp.h; path = graphics.hpp; sourceTree = "<group>"; };
		1352EDD62B45F922003130E4 /* Makefile */ = {isa = PBXFileReference; lastKnownFileType = sourcecode.make; path = Makefile; sourceTree = "<group>"; };
		1352EDE72B464A4F003130E4 /* hplib.h */ = {isa = PBXFileReference; lastKnownFileType = sourcecode.c.h; path = hplib.h; sourceTree = "<group>"; };
		1352EDE82B464A4F003130E4 /* stdtdef.h */ = {isa = PBXFileReference; lastKnownFileType = sourcecode.c.h; path = stdtdef.h; sourceTree = "<group>"; };
		1352EDE92B464A4F003130E4 /* stdenm.h */ = {isa = PBXFileReference; lastKnownFileType = sourcecode.c.h; path = stdenm.h; sourceTree = "<group>"; };
		1352EE072B487F01003130E4 /* fonts.hpp */ = {isa = PBXFileReference; lastKnownFileType = sourcecode.cpp.h; path = fonts.hpp; sourceTree = "<group>"; };
		13C639BA2BAE02B500A7C10D /* screen.cpp */ = {isa = PBXFileReference; lastKnownFileType = sourcecode.cpp.cpp; path = screen.cpp; sourceTree = "<group>"; };
		13C639BB2BAE02B500A7C10D /* screen.hpp */ = {isa = PBXFileReference; lastKnownFileType = sourcecode.cpp.h; path = screen.hpp; sourceTree = "<group>"; };
		13C639BD2BAE0AF700A7C10D /* fonts.cpp */ = {isa = PBXFileReference; lastKnownFileType = sourcecode.cpp.cpp; path = fonts.cpp; sourceTree = "<group>"; };
		13C639BF2BAE592300A7C10D /* charset.cpp */ = {isa = PBXFileReference; fileEncoding = 4; lastKnownFileType = sourcecode.cpp.cpp; path = charset.cpp; sourceTree = "<group>"; };
		13C639C02BAE592300A7C10D /* charset.hpp */ = {isa = PBXFileReference; fileEncoding = 4; lastKnownFileType = sourcecode.cpp.h; path = charset.hpp; sourceTree = "<group>"; };
/* End PBXFileReference section */

/* Begin PBXFrameworksBuildPhase section */
		1352ED5A2B45E2FE003130E4 /* Frameworks */ = {
			isa = PBXFrameworksBuildPhase;
			buildActionMask = 2147483647;
			files = (
				1352EDC32B45E367003130E4 /* libSDL2-2.0.0.dylib in Frameworks */,
			);
			runOnlyForDeploymentPostprocessing = 0;
		};
/* End PBXFrameworksBuildPhase section */

/* Begin PBXGroup section */
		1352ED542B45E2FE003130E4 = {
			isa = PBXGroup;
			children = (
				1352EDD62B45F922003130E4 /* Makefile */,
				1352EDB72B45E367003130E4 /* lib */,
				1352ED672B45E356003130E4 /* include */,
				1352ED5F2B45E2FE003130E4 /* src */,
				1352ED5E2B45E2FE003130E4 /* Products */,
			);
			sourceTree = "<group>";
		};
		1352ED5E2B45E2FE003130E4 /* Products */ = {
			isa = PBXGroup;
			children = (
				1352ED5D2B45E2FE003130E4 /* SDL */,
			);
			name = Products;
			sourceTree = "<group>";
		};
		1352ED5F2B45E2FE003130E4 /* src */ = {
			isa = PBXGroup;
			children = (
				13C639BF2BAE592300A7C10D /* charset.cpp */,
				13C639C02BAE592300A7C10D /* charset.hpp */,
				1352ED602B45E2FE003130E4 /* main.cpp */,
				1352EDD12B45F338003130E4 /* graphics.cpp */,
				1352EDD32B45F339003130E4 /* graphics.hpp */,
				1352EDD22B45F338003130E4 /* CG50fx.cpp */,
				1352EE072B487F01003130E4 /* fonts.hpp */,
				13C639BD2BAE0AF700A7C10D /* fonts.cpp */,
				13C639BA2BAE02B500A7C10D /* screen.cpp */,
				13C639BB2BAE02B500A7C10D /* screen.hpp */,
			);
			path = src;
			sourceTree = "<group>";
		};
		1352ED672B45E356003130E4 /* include */ = {
			isa = PBXGroup;
			children = (
				1352EDE52B464A4F003130E4 /* hplib */,
				1352ED682B45E356003130E4 /* SDL2 */,
			);
			path = include;
			sourceTree = "<group>";
		};
		1352ED682B45E356003130E4 /* SDL2 */ = {
			isa = PBXGroup;
			children = (
				1352ED692B45E356003130E4 /* SDL_misc.h */,
				1352ED6A2B45E356003130E4 /* SDL_opengles2_gl2ext.h */,
				1352ED6B2B45E356003130E4 /* SDL_test_random.h */,
				1352ED6C2B45E356003130E4 /* SDL_power.h */,
				1352ED6D2B45E356003130E4 /* SDL_revision.h */,
				1352ED6E2B45E356003130E4 /* SDL_events.h */,
				1352ED6F2B45E356003130E4 /* SDL_guid.h */,
				1352ED702B45E356003130E4 /* SDL_clipboard.h */,
				1352ED712B45E356003130E4 /* SDL_haptic.h */,
				1352ED722B45E356003130E4 /* SDL_test.h */,
				1352ED732B45E356003130E4 /* SDL_test_assert.h */,
				1352ED742B45E356003130E4 /* SDL_endian.h */,
				1352ED752B45E356003130E4 /* SDL_error.h */,
				1352ED762B45E356003130E4 /* begin_code.h */,
				1352ED772B45E356003130E4 /* SDL_types.h */,
				1352ED782B45E356003130E4 /* SDL_keycode.h */,
				1352ED792B45E356003130E4 /* SDL_keyboard.h */,
				1352ED7A2B45E356003130E4 /* SDL_opengl_glext.h */,
				1352ED7B2B45E356003130E4 /* SDL_test_crc32.h */,
				1352ED7C2B45E356003130E4 /* SDL_test_font.h */,
				1352ED7D2B45E356003130E4 /* SDL_test_log.h */,
				1352ED7E2B45E356003130E4 /* SDL_egl.h */,
				1352ED7F2B45E356003130E4 /* SDL_vulkan.h */,
				1352ED802B45E356003130E4 /* SDL_test_memory.h */,
				1352ED812B45E356003130E4 /* SDL_main.h */,
				1352ED822B45E356003130E4 /* SDL_stdinc.h */,
				1352ED832B45E356003130E4 /* SDL_scancode.h */,
				1352ED842B45E356003130E4 /* SDL_quit.h */,
				1352ED852B45E356003130E4 /* SDL_touch.h */,
				1352ED862B45E356003130E4 /* SDL_opengles2.h */,
				1352ED872B45E356003130E4 /* SDL_test_images.h */,
				1352ED882B45E356003130E4 /* SDL_name.h */,
				1352ED892B45E356003130E4 /* SDL_platform.h */,
				1352ED8A2B45E356003130E4 /* SDL_shape.h */,
				1352ED8B2B45E356003130E4 /* SDL_locale.h */,
				1352ED8C2B45E356003130E4 /* SDL_loadso.h */,
				1352ED8D2B45E356003130E4 /* SDL_test_common.h */,
				1352ED8E2B45E356003130E4 /* SDL_config.h */,
				1352ED8F2B45E356003130E4 /* SDL_audio.h */,
				1352ED902B45E356003130E4 /* SDL_sensor.h */,
				1352ED912B45E356003130E4 /* SDL_opengl.h */,
				1352ED922B45E356003130E4 /* SDL_blendmode.h */,
				1352ED932B45E356003130E4 /* SDL_gesture.h */,
				1352ED942B45E356003130E4 /* SDL_test_fuzzer.h */,
				1352ED952B45E356003130E4 /* SDL_opengles.h */,
				1352ED962B45E356003130E4 /* SDL_system.h */,
				1352ED972B45E356003130E4 /* SDL_hints.h */,
				1352ED982B45E356003130E4 /* SDL_mouse.h */,
				1352ED992B45E356003130E4 /* SDL_timer.h */,
				1352ED9A2B45E356003130E4 /* SDL_surface.h */,
				1352ED9B2B45E356003130E4 /* SDL_atomic.h */,
				1352ED9C2B45E356003130E4 /* SDL_log.h */,
				1352ED9D2B45E356003130E4 /* SDL_rwops.h */,
				1352ED9E2B45E356003130E4 /* SDL_render.h */,
				1352ED9F2B45E356003130E4 /* SDL_syswm.h */,
				1352EDA02B45E356003130E4 /* SDL_bits.h */,
				1352EDA12B45E356003130E4 /* SDL_video.h */,
				1352EDA22B45E356003130E4 /* SDL_assert.h */,
				1352EDA32B45E356003130E4 /* SDL_version.h */,
				1352EDA42B45E356003130E4 /* SDL_gamecontroller.h */,
				1352EDA52B45E356003130E4 /* SDL_hidapi.h */,
				1352EDA62B45E356003130E4 /* SDL_thread.h */,
				1352EDA72B45E356003130E4 /* SDL_test_harness.h */,
				1352EDA82B45E356003130E4 /* SDL_rect.h */,
				1352EDA92B45E356003130E4 /* SDL_metal.h */,
				1352EDAA2B45E356003130E4 /* SDL_mutex.h */,
				1352EDAB2B45E356003130E4 /* close_code.h */,
				1352EDAC2B45E356003130E4 /* SDL_joystick.h */,
				1352EDAD2B45E356003130E4 /* SDL.h */,
				1352EDAE2B45E356003130E4 /* SDL_filesystem.h */,
				1352EDAF2B45E356003130E4 /* SDL_messagebox.h */,
				1352EDB02B45E356003130E4 /* SDL_opengles2_gl2platform.h */,
				1352EDB12B45E356003130E4 /* SDL_opengles2_khrplatform.h */,
				1352EDB22B45E356003130E4 /* SDL_test_md5.h */,
				1352EDB32B45E356003130E4 /* SDL_pixels.h */,
				1352EDB42B45E356003130E4 /* SDL_cpuinfo.h */,
				1352EDB52B45E356003130E4 /* SDL_test_compare.h */,
				1352EDB62B45E356003130E4 /* SDL_opengles2_gl2.h */,
			);
			path = SDL2;
			sourceTree = "<group>";
		};
		1352EDB72B45E367003130E4 /* lib */ = {
			isa = PBXGroup;
			children = (
				1352EDB82B45E367003130E4 /* pkgconfig */,
				1352EDBA2B45E367003130E4 /* cmake */,
				1352EDBE2B45E367003130E4 /* libSDL2-2.0.0.dylib */,
				1352EDBF2B45E367003130E4 /* libSDL2main.a */,
				1352EDC02B45E367003130E4 /* libSDL2.dylib */,
				1352EDC12B45E367003130E4 /* libSDL2.a */,
				1352EDC22B45E367003130E4 /* libSDL2_test.a */,
			);
			path = lib;
			sourceTree = "<group>";
		};
		1352EDB82B45E367003130E4 /* pkgconfig */ = {
			isa = PBXGroup;
			children = (
				1352EDB92B45E367003130E4 /* sdl2.pc */,
			);
			path = pkgconfig;
			sourceTree = "<group>";
		};
		1352EDBA2B45E367003130E4 /* cmake */ = {
			isa = PBXGroup;
			children = (
				1352EDBB2B45E367003130E4 /* SDL2 */,
			);
			path = cmake;
			sourceTree = "<group>";
		};
		1352EDBB2B45E367003130E4 /* SDL2 */ = {
			isa = PBXGroup;
			children = (
				1352EDBC2B45E367003130E4 /* sdl2-config-version.cmake */,
				1352EDBD2B45E367003130E4 /* sdl2-config.cmake */,
			);
			path = SDL2;
			sourceTree = "<group>";
		};
		1352EDE52B464A4F003130E4 /* hplib */ = {
			isa = PBXGroup;
			children = (
				1352EDE72B464A4F003130E4 /* hplib.h */,
				1352EDE82B464A4F003130E4 /* stdtdef.h */,
				1352EDE92B464A4F003130E4 /* stdenm.h */,
			);
			path = hplib;
			sourceTree = "<group>";
		};
/* End PBXGroup section */

/* Begin PBXNativeTarget section */
		1352ED5C2B45E2FE003130E4 /* SDL */ = {
			isa = PBXNativeTarget;
			buildConfigurationList = 1352ED642B45E2FE003130E4 /* Build configuration list for PBXNativeTarget "SDL" */;
			buildPhases = (
				1352ED592B45E2FE003130E4 /* Sources */,
				1352ED5A2B45E2FE003130E4 /* Frameworks */,
				1352ED5B2B45E2FE003130E4 /* CopyFiles */,
			);
			buildRules = (
			);
			dependencies = (
			);
			name = SDL;
			productName = SDL;
			productReference = 1352ED5D2B45E2FE003130E4 /* SDL */;
			productType = "com.apple.product-type.tool";
		};
/* End PBXNativeTarget section */

/* Begin PBXProject section */
		1352ED552B45E2FE003130E4 /* Project object */ = {
			isa = PBXProject;
			attributes = {
				BuildIndependentTargetsInParallel = 1;
				LastUpgradeCheck = 1510;
				TargetAttributes = {
					1352ED5C2B45E2FE003130E4 = {
						CreatedOnToolsVersion = 15.1;
					};
				};
			};
			buildConfigurationList = 1352ED582B45E2FE003130E4 /* Build configuration list for PBXProject "SDL" */;
			compatibilityVersion = "Xcode 14.0";
			developmentRegion = en;
			hasScannedForEncodings = 0;
			knownRegions = (
				en,
				Base,
			);
			mainGroup = 1352ED542B45E2FE003130E4;
			productRefGroup = 1352ED5E2B45E2FE003130E4 /* Products */;
			projectDirPath = "";
			projectRoot = "";
			targets = (
				1352ED5C2B45E2FE003130E4 /* SDL */,
			);
		};
/* End PBXProject section */

/* Begin PBXSourcesBuildPhase section */
		1352ED592B45E2FE003130E4 /* Sources */ = {
			isa = PBXSourcesBuildPhase;
			buildActionMask = 2147483647;
			files = (
				1352EDD72B462A7A003130E4 /* CG50fx.cpp in Sources */,
				1352ED612B45E2FE003130E4 /* main.cpp in Sources */,
				13C639C12BAE592300A7C10D /* charset.cpp in Sources */,
				1352EDD42B45F339003130E4 /* graphics.cpp in Sources */,
				13C639BC2BAE02B500A7C10D /* screen.cpp in Sources */,
				13C639BE2BAE0AF700A7C10D /* fonts.cpp in Sources */,
			);
			runOnlyForDeploymentPostprocessing = 0;
		};
/* End PBXSourcesBuildPhase section */

/* Begin XCBuildConfiguration section */
		1352ED622B45E2FE003130E4 /* Debug */ = {
			isa = XCBuildConfiguration;
			buildSettings = {
				ALWAYS_SEARCH_USER_PATHS = NO;
				ASSETCATALOG_COMPILER_GENERATE_SWIFT_ASSET_SYMBOL_EXTENSIONS = YES;
				CLANG_ANALYZER_NONNULL = YES;
				CLANG_ANALYZER_NUMBER_OBJECT_CONVERSION = YES_AGGRESSIVE;
				CLANG_CXX_LANGUAGE_STANDARD = "gnu++20";
				CLANG_ENABLE_MODULES = YES;
				CLANG_ENABLE_OBJC_ARC = YES;
				CLANG_ENABLE_OBJC_WEAK = YES;
				CLANG_WARN_BLOCK_CAPTURE_AUTORELEASING = YES;
				CLANG_WARN_BOOL_CONVERSION = YES;
				CLANG_WARN_COMMA = YES;
				CLANG_WARN_CONSTANT_CONVERSION = YES;
				CLANG_WARN_DEPRECATED_OBJC_IMPLEMENTATIONS = YES;
				CLANG_WARN_DIRECT_OBJC_ISA_USAGE = YES_ERROR;
				CLANG_WARN_DOCUMENTATION_COMMENTS = YES;
				CLANG_WARN_EMPTY_BODY = YES;
				CLANG_WARN_ENUM_CONVERSION = YES;
				CLANG_WARN_INFINITE_RECURSION = YES;
				CLANG_WARN_INT_CONVERSION = YES;
				CLANG_WARN_NON_LITERAL_NULL_CONVERSION = YES;
				CLANG_WARN_OBJC_IMPLICIT_RETAIN_SELF = YES;
				CLANG_WARN_OBJC_LITERAL_CONVERSION = YES;
				CLANG_WARN_OBJC_ROOT_CLASS = YES_ERROR;
				CLANG_WARN_QUOTED_INCLUDE_IN_FRAMEWORK_HEADER = YES;
				CLANG_WARN_RANGE_LOOP_ANALYSIS = YES;
				CLANG_WARN_STRICT_PROTOTYPES = YES;
				CLANG_WARN_SUSPICIOUS_MOVE = YES;
				CLANG_WARN_UNGUARDED_AVAILABILITY = YES_AGGRESSIVE;
				CLANG_WARN_UNREACHABLE_CODE = YES;
				CLANG_WARN__DUPLICATE_METHOD_MATCH = YES;
				COPY_PHASE_STRIP = NO;
				DEBUG_INFORMATION_FORMAT = dwarf;
				ENABLE_STRICT_OBJC_MSGSEND = YES;
				ENABLE_TESTABILITY = YES;
				ENABLE_USER_SCRIPT_SANDBOXING = YES;
				GCC_C_LANGUAGE_STANDARD = gnu17;
				GCC_DYNAMIC_NO_PIC = NO;
				GCC_NO_COMMON_BLOCKS = YES;
				GCC_OPTIMIZATION_LEVEL = 0;
				GCC_PREPROCESSOR_DEFINITIONS = (
					"DEBUG=1",
					"$(inherited)",
				);
				GCC_WARN_64_TO_32_BIT_CONVERSION = YES;
				GCC_WARN_ABOUT_RETURN_TYPE = YES_ERROR;
				GCC_WARN_UNDECLARED_SELECTOR = YES;
				GCC_WARN_UNINITIALIZED_AUTOS = YES_AGGRESSIVE;
				GCC_WARN_UNUSED_FUNCTION = YES;
				GCC_WARN_UNUSED_VARIABLE = YES;
				LOCALIZATION_PREFERS_STRING_CATALOGS = YES;
				MACOSX_DEPLOYMENT_TARGET = 14.1;
				MTL_ENABLE_DEBUG_INFO = INCLUDE_SOURCE;
				MTL_FAST_MATH = YES;
				ONLY_ACTIVE_ARCH = YES;
				SDKROOT = macosx;
			};
			name = Debug;
		};
		1352ED632B45E2FE003130E4 /* Release */ = {
			isa = XCBuildConfiguration;
			buildSettings = {
				ALWAYS_SEARCH_USER_PATHS = NO;
				ASSETCATALOG_COMPILER_GENERATE_SWIFT_ASSET_SYMBOL_EXTENSIONS = YES;
				CLANG_ANALYZER_NONNULL = YES;
				CLANG_ANALYZER_NUMBER_OBJECT_CONVERSION = YES_AGGRESSIVE;
				CLANG_CXX_LANGUAGE_STANDARD = "gnu++20";
				CLANG_ENABLE_MODULES = YES;
				CLANG_ENABLE_OBJC_ARC = YES;
				CLANG_ENABLE_OBJC_WEAK = YES;
				CLANG_WARN_BLOCK_CAPTURE_AUTORELEASING = YES;
				CLANG_WARN_BOOL_CONVERSION = YES;
				CLANG_WARN_COMMA = YES;
				CLANG_WARN_CONSTANT_CONVERSION = YES;
				CLANG_WARN_DEPRECATED_OBJC_IMPLEMENTATIONS = YES;
				CLANG_WARN_DIRECT_OBJC_ISA_USAGE = YES_ERROR;
				CLANG_WARN_DOCUMENTATION_COMMENTS = YES;
				CLANG_WARN_EMPTY_BODY = YES;
				CLANG_WARN_ENUM_CONVERSION = YES;
				CLANG_WARN_INFINITE_RECURSION = YES;
				CLANG_WARN_INT_CONVERSION = YES;
				CLANG_WARN_NON_LITERAL_NULL_CONVERSION = YES;
				CLANG_WARN_OBJC_IMPLICIT_RETAIN_SELF = YES;
				CLANG_WARN_OBJC_LITERAL_CONVERSION = YES;
				CLANG_WARN_OBJC_ROOT_CLASS = YES_ERROR;
				CLANG_WARN_QUOTED_INCLUDE_IN_FRAMEWORK_HEADER = YES;
				CLANG_WARN_RANGE_LOOP_ANALYSIS = YES;
				CLANG_WARN_STRICT_PROTOTYPES = YES;
				CLANG_WARN_SUSPICIOUS_MOVE = YES;
				CLANG_WARN_UNGUARDED_AVAILABILITY = YES_AGGRESSIVE;
				CLANG_WARN_UNREACHABLE_CODE = YES;
				CLANG_WARN__DUPLICATE_METHOD_MATCH = YES;
				COPY_PHASE_STRIP = NO;
				DEBUG_INFORMATION_FORMAT = "dwarf-with-dsym";
				ENABLE_NS_ASSERTIONS = NO;
				ENABLE_STRICT_OBJC_MSGSEND = YES;
				ENABLE_USER_SCRIPT_SANDBOXING = YES;
				GCC_C_LANGUAGE_STANDARD = gnu17;
				GCC_NO_COMMON_BLOCKS = YES;
				GCC_WARN_64_TO_32_BIT_CONVERSION = YES;
				GCC_WARN_ABOUT_RETURN_TYPE = YES_ERROR;
				GCC_WARN_UNDECLARED_SELECTOR = YES;
				GCC_WARN_UNINITIALIZED_AUTOS = YES_AGGRESSIVE;
				GCC_WARN_UNUSED_FUNCTION = YES;
				GCC_WARN_UNUSED_VARIABLE = YES;
				LOCALIZATION_PREFERS_STRING_CATALOGS = YES;
				MACOSX_DEPLOYMENT_TARGET = 14.1;
				MTL_ENABLE_DEBUG_INFO = NO;
				MTL_FAST_MATH = YES;
				SDKROOT = macosx;
			};
			name = Release;
		};
		1352ED652B45E2FE003130E4 /* Debug */ = {
			isa = XCBuildConfiguration;
			buildSettings = {
				CLANG_CXX_LANGUAGE_STANDARD = "gnu++23";
				CODE_SIGN_STYLE = Automatic;
				FRAMEWORK_SEARCH_PATHS = "";
				HEADER_SEARCH_PATHS = (
					"$(PROJECT_DIR)/include",
					"$(PROJECT_DIR)/hplib",
				);
				LIBRARY_SEARCH_PATHS = (
					"$(inherited)",
					"$(PROJECT_DIR)/lib",
				);
				OTHER_LDFLAGS = "";
				PRODUCT_NAME = "$(TARGET_NAME)";
				SYSTEM_HEADER_SEARCH_PATHS = "";
				TAPI_LANGUAGE = "objective-c";
			};
			name = Debug;
		};
		1352ED662B45E2FE003130E4 /* Release */ = {
			isa = XCBuildConfiguration;
			buildSettings = {
				CLANG_CXX_LANGUAGE_STANDARD = "gnu++23";
				CODE_SIGN_STYLE = Automatic;
				FRAMEWORK_SEARCH_PATHS = "";
				HEADER_SEARCH_PATHS = (
					"$(PROJECT_DIR)/include",
					"$(PROJECT_DIR)/hplib",
				);
				LIBRARY_SEARCH_PATHS = (
					"$(inherited)",
					"$(PROJECT_DIR)/lib",
				);
				OTHER_LDFLAGS = "";
				PRODUCT_NAME = "$(TARGET_NAME)";
				SYSTEM_HEADER_SEARCH_PATHS = "";
				TAPI_LANGUAGE = "objective-c";
			};
			name = Release;
		};
/* End XCBuildConfiguration section */

/* Begin XCConfigurationList section */
		1352ED582B45E2FE003130E4 /* Build configuration list for PBXProject "SDL" */ = {
			isa = XCConfigurationList;
			buildConfigurations = (
				1352ED622B45E2FE003130E4 /* Debug */,
				1352ED632B45E2FE003130E4 /* Release */,
			);
			defaultConfigurationIsVisible = 0;
			defaultConfigurationName = Release;
		};
		1352ED642B45E2FE003130E4 /* Build configuration list for PBXNativeTarget "SDL" */ = {
			isa = XCConfigurationList;
			buildConfigurations = (
				1352ED652B45E2FE003130E4 /* Debug */,
				1352ED662B45E2FE003130E4 /* Release */,
			);
			defaultConfigurationIsVisible = 0;
			defaultConfigurationName = Release;
		};
/* End XCConfigurationList section */
	};
	rootObject = 1352ED552B45E2FE003130E4 /* Project object */;
}
